{
    "name": "chronicle-consumer",
    "version": "0.0.2",
    "lockfileVersion": 2,
    "requires": true,
    "packages": {
        "": {
            "name": "chronicle-consumer",
            "version": "0.0.2",
            "license": "MIT",
            "dependencies": {
                "emittery": "^0.5.1",
                "ws": "^7.4.6"
            },
            "devDependencies": {
                "commander": "^2.19.0"
            },
            "engines": {
                "node": ">= 0.12.0"
            }
        },
        "node_modules/commander": {
            "version": "2.20.3",
            "resolved": "https://registry.npmjs.org/commander/-/commander-2.20.3.tgz",
            "integrity": "sha512-GpVkmM8vF2vQUkj2LvZmD35JxeJOLCwJ9cUkugyk2nuhbv3+mJvpLYYt+0+USMxE+oj+ey/lJEnhZw75x/OMcQ==",
            "dev": true
        },
        "node_modules/emittery": {
            "version": "0.5.1",
            "resolved": "https://registry.npmjs.org/emittery/-/emittery-0.5.1.tgz",
            "integrity": "sha512-sYZXNHH9PhTfs98ROEFVC3bLiR8KSqXQsEHIwZ9J6H0RaQObC3JYq4G8IvDd0b45/LxfGKYBpmaUN4LiKytaNw==",
            "engines": {
                "node": ">=8"
            }
        },
        "node_modules/ws": {
            "version": "7.4.6",
            "resolved": "https://registry.npmjs.org/ws/-/ws-7.4.6.tgz",
            "integrity": "sha512-YmhHDO4MzaDLB+M9ym/mDA5z0naX8j7SIlT8f8z+I0VtzsRbekxEutHSme7NPS2qE8StCYQNUnfWdXta/Yu85A==",
            "engines": {
                "node": ">=8.3.0"
            },
            "peerDependencies": {
                "bufferutil": "^4.0.1",
                "utf-8-validate": "^5.0.2"
            },
            "peerDependenciesMeta": {
                "bufferutil": {
                    "optional": true
                },
                "utf-8-validate": {
                    "optional": true
                }
            }
        }
    },
    "dependencies": {
        "commander": {
            "version": "2.20.3",
            "resolved": "https://registry.npmjs.org/commander/-/commander-2.20.3.tgz",
            "integrity": "sha512-GpVkmM8vF2vQUkj2LvZmD35JxeJOLCwJ9cUkugyk2nuhbv3+mJvpLYYt+0+USMxE+oj+ey/lJEnhZw75x/OMcQ==",
            "dev": true
        },
        "emittery": {
            "version": "0.5.1",
            "resolved": "https://registry.npmjs.org/emittery/-/emittery-0.5.1.tgz",
            "integrity": "sha512-sYZXNHH9PhTfs98ROEFVC3bLiR8KSqXQsEHIwZ9J6H0RaQObC3JYq4G8IvDd0b45/LxfGKYBpmaUN4LiKytaNw=="
        },
        "ws": {
            "version": "7.4.6",
            "resolved": "https://registry.npmjs.org/ws/-/ws-7.4.6.tgz",
            "integrity": "sha512-YmhHDO4MzaDLB+M9ym/mDA5z0naX8j7SIlT8f8z+I0VtzsRbekxEutHSme7NPS2qE8StCYQNUnfWdXta/Yu85A==",
            "requires": {}
        }
    }
}
